// !$*UTF8*$!
{
	archiveVersion = 1;
	classes = {
	};
	objectVersion = 46;
	objects = {

/* Begin PBXBuildFile section */
		2E9B6C3E1909970600FB6475 /* Foundation.framework in Frameworks */ = {isa = PBXBuildFile; fileRef = 2E9B6C3D1909970600FB6475 /* Foundation.framework */; };
		2E9B6C401909970600FB6475 /* CoreGraphics.framework in Frameworks */ = {isa = PBXBuildFile; fileRef = 2E9B6C3F1909970600FB6475 /* CoreGraphics.framework */; };
		2E9B6C421909970600FB6475 /* UIKit.framework in Frameworks */ = {isa = PBXBuildFile; fileRef = 2E9B6C411909970600FB6475 /* UIKit.framework */; };
		2E9B6C481909970600FB6475 /* InfoPlist.strings in Resources */ = {isa = PBXBuildFile; fileRef = 2E9B6C461909970600FB6475 /* InfoPlist.strings */; };
		2E9B6C4A1909970600FB6475 /* main.m in Sources */ = {isa = PBXBuildFile; fileRef = 2E9B6C491909970600FB6475 /* main.m */; };
		2E9B6C4E1909970600FB6475 /* AppDelegate.m in Sources */ = {isa = PBXBuildFile; fileRef = 2E9B6C4D1909970600FB6475 /* AppDelegate.m */; };
		2E9B6C511909970600FB6475 /* Main.storyboard in Resources */ = {isa = PBXBuildFile; fileRef = 2E9B6C4F1909970600FB6475 /* Main.storyboard */; };
		2E9B6C541909970600FB6475 /* ViewController.m in Sources */ = {isa = PBXBuildFile; fileRef = 2E9B6C531909970600FB6475 /* ViewController.m */; };
		2E9B6C561909970600FB6475 /* Images.xcassets in Resources */ = {isa = PBXBuildFile; fileRef = 2E9B6C551909970600FB6475 /* Images.xcassets */; };
		2E9B6C5D1909970600FB6475 /* XCTest.framework in Frameworks */ = {isa = PBXBuildFile; fileRef = 2E9B6C5C1909970600FB6475 /* XCTest.framework */; };
		2E9B6C5E1909970600FB6475 /* Foundation.framework in Frameworks */ = {isa = PBXBuildFile; fileRef = 2E9B6C3D1909970600FB6475 /* Foundation.framework */; };
		2E9B6C5F1909970600FB6475 /* UIKit.framework in Frameworks */ = {isa = PBXBuildFile; fileRef = 2E9B6C411909970600FB6475 /* UIKit.framework */; };
		2E9B6C671909970600FB6475 /* InfoPlist.strings in Resources */ = {isa = PBXBuildFile; fileRef = 2E9B6C651909970600FB6475 /* InfoPlist.strings */; };
		2E9B6C691909970600FB6475 /* lectureTests.m in Sources */ = {isa = PBXBuildFile; fileRef = 2E9B6C681909970600FB6475 /* lectureTests.m */; };
		2E9B6C741909A3F200FB6475 /* ViewDisplay.m in Sources */ = {isa = PBXBuildFile; fileRef = 2E9B6C731909A3F200FB6475 /* ViewDisplay.m */; };
		2E9B6C781909A6FC00FB6475 /* ViewInput.m in Sources */ = {isa = PBXBuildFile; fileRef = 2E9B6C771909A6FC00FB6475 /* ViewInput.m */; };
		2E9DB6B9190A998A00ED18E2 /* _Calculator.m in Sources */ = {isa = PBXBuildFile; fileRef = 2E9DB6B8190A998A00ED18E2 /* _Calculator.m */; };
		2EE040631909C37A003DF1D4 /* Calculator.m in Sources */ = {isa = PBXBuildFile; fileRef = 2EE040621909C37A003DF1D4 /* Calculator.m */; };
		2EE040671909D657003DF1D4 /* ViewAction.m in Sources */ = {isa = PBXBuildFile; fileRef = 2EE040661909D657003DF1D4 /* ViewAction.m */; };
/* End PBXBuildFile section */

/* Begin PBXContainerItemProxy section */
		2E9B6C601909970600FB6475 /* PBXContainerItemProxy */ = {
			isa = PBXContainerItemProxy;
			containerPortal = 2E9B6C321909970600FB6475 /* Project object */;
			proxyType = 1;
			remoteGlobalIDString = 2E9B6C391909970600FB6475;
			remoteInfo = lecture;
		};
/* End PBXContainerItemProxy section */

/* Begin PBXFileReference section */
		2E9B6C3A1909970600FB6475 /* lecture.app */ = {isa = PBXFileReference; explicitFileType = wrapper.application; includeInIndex = 0; path = lecture.app; sourceTree = BUILT_PRODUCTS_DIR; };
		2E9B6C3D1909970600FB6475 /* Foundation.framework */ = {isa = PBXFileReference; lastKnownFileType = wrapper.framework; name = Foundation.framework; path = System/Library/Frameworks/Foundation.framework; sourceTree = SDKROOT; };
		2E9B6C3F1909970600FB6475 /* CoreGraphics.framework */ = {isa = PBXFileReference; lastKnownFileType = wrapper.framework; name = CoreGraphics.framework; path = System/Library/Frameworks/CoreGraphics.framework; sourceTree = SDKROOT; };
		2E9B6C411909970600FB6475 /* UIKit.framework */ = {isa = PBXFileReference; lastKnownFileType = wrapper.framework; name = UIKit.framework; path = System/Library/Frameworks/UIKit.framework; sourceTree = SDKROOT; };
		2E9B6C451909970600FB6475 /* lecture-Info.plist */ = {isa = PBXFileReference; lastKnownFileType = text.plist.xml; path = "lecture-Info.plist"; sourceTree = "<group>"; };
		2E9B6C471909970600FB6475 /* en */ = {isa = PBXFileReference; lastKnownFileType = text.plist.strings; name = en; path = en.lproj/InfoPlist.strings; sourceTree = "<group>"; };
		2E9B6C491909970600FB6475 /* main.m */ = {isa = PBXFileReference; lastKnownFileType = sourcecode.c.objc; path = main.m; sourceTree = "<group>"; };
		2E9B6C4B1909970600FB6475 /* lecture-Prefix.pch */ = {isa = PBXFileReference; lastKnownFileType = sourcecode.c.h; path = "lecture-Prefix.pch"; sourceTree = "<group>"; };
		2E9B6C4C1909970600FB6475 /* AppDelegate.h */ = {isa = PBXFileReference; lastKnownFileType = sourcecode.c.h; path = AppDelegate.h; sourceTree = "<group>"; };
		2E9B6C4D1909970600FB6475 /* AppDelegate.m */ = {isa = PBXFileReference; lastKnownFileType = sourcecode.c.objc; path = AppDelegate.m; sourceTree = "<group>"; };
		2E9B6C501909970600FB6475 /* Base */ = {isa = PBXFileReference; lastKnownFileType = file.storyboard; name = Base; path = Base.lproj/Main.storyboard; sourceTree = "<group>"; };
		2E9B6C521909970600FB6475 /* ViewController.h */ = {isa = PBXFileReference; lastKnownFileType = sourcecode.c.h; path = ViewController.h; sourceTree = "<group>"; };
		2E9B6C531909970600FB6475 /* ViewController.m */ = {isa = PBXFileReference; lastKnownFileType = sourcecode.c.objc; path = ViewController.m; sourceTree = "<group>"; };
		2E9B6C551909970600FB6475 /* Images.xcassets */ = {isa = PBXFileReference; lastKnownFileType = folder.assetcatalog; path = Images.xcassets; sourceTree = "<group>"; };
		2E9B6C5B1909970600FB6475 /* lectureTests.xctest */ = {isa = PBXFileReference; explicitFileType = wrapper.cfbundle; includeInIndex = 0; path = lectureTests.xctest; sourceTree = BUILT_PRODUCTS_DIR; };
		2E9B6C5C1909970600FB6475 /* XCTest.framework */ = {isa = PBXFileReference; lastKnownFileType = wrapper.framework; name = XCTest.framework; path = Library/Frameworks/XCTest.framework; sourceTree = DEVELOPER_DIR; };
		2E9B6C641909970600FB6475 /* lectureTests-Info.plist */ = {isa = PBXFileReference; lastKnownFileType = text.plist.xml; path = "lectureTests-Info.plist"; sourceTree = "<group>"; };
		2E9B6C661909970600FB6475 /* en */ = {isa = PBXFileReference; lastKnownFileType = text.plist.strings; name = en; path = en.lproj/InfoPlist.strings; sourceTree = "<group>"; };
		2E9B6C681909970600FB6475 /* lectureTests.m */ = {isa = PBXFileReference; lastKnownFileType = sourcecode.c.objc; path = lectureTests.m; sourceTree = "<group>"; };
		2E9B6C721909A3F200FB6475 /* ViewDisplay.h */ = {isa = PBXFileReference; fileEncoding = 4; lastKnownFileType = sourcecode.c.h; name = ViewDisplay.h; path = Views/ViewDisplay.h; sourceTree = "<group>"; };
		2E9B6C731909A3F200FB6475 /* ViewDisplay.m */ = {isa = PBXFileReference; fileEncoding = 4; lastKnownFileType = sourcecode.c.objc; name = ViewDisplay.m; path = Views/ViewDisplay.m; sourceTree = "<group>"; };
		2E9B6C761909A6FC00FB6475 /* ViewInput.h */ = {isa = PBXFileReference; fileEncoding = 4; lastKnownFileType = sourcecode.c.h; name = ViewInput.h; path = Views/ViewInput.h; sourceTree = "<group>"; };
		2E9B6C771909A6FC00FB6475 /* ViewInput.m */ = {isa = PBXFileReference; fileEncoding = 4; lastKnownFileType = sourcecode.c.objc; name = ViewInput.m; path = Views/ViewInput.m; sourceTree = "<group>"; };
		2E9DB6B8190A998A00ED18E2 /* _Calculator.m */ = {isa = PBXFileReference; fileEncoding = 4; lastKnownFileType = sourcecode.c.objc; name = _Calculator.m; path = Models/_Calculator.m; sourceTree = "<group>"; };
		2EE040611909C37A003DF1D4 /* Calculator.h */ = {isa = PBXFileReference; fileEncoding = 4; lastKnownFileType = sourcecode.c.h; name = Calculator.h; path = Models/Calculator.h; sourceTree = "<group>"; };
		2EE040621909C37A003DF1D4 /* Calculator.m */ = {isa = PBXFileReference; fileEncoding = 4; lastKnownFileType = sourcecode.c.objc; name = Calculator.m; path = Models/Calculator.m; sourceTree = "<group>"; };
		2EE040651909D657003DF1D4 /* ViewAction.h */ = {isa = PBXFileReference; fileEncoding = 4; lastKnownFileType = sourcecode.c.h; name = ViewAction.h; path = Views/ViewAction.h; sourceTree = "<group>"; };
		2EE040661909D657003DF1D4 /* ViewAction.m */ = {isa = PBXFileReference; fileEncoding = 4; lastKnownFileType = sourcecode.c.objc; name = ViewAction.m; path = Views/ViewAction.m; sourceTree = "<group>"; };
/* End PBXFileReference section */

/* Begin PBXFrameworksBuildPhase section */
		2E9B6C371909970600FB6475 /* Frameworks */ = {
			isa = PBXFrameworksBuildPhase;
			buildActionMask = 2147483647;
			files = (
				2E9B6C401909970600FB6475 /* CoreGraphics.framework in Frameworks */,
				2E9B6C421909970600FB6475 /* UIKit.framework in Frameworks */,
				2E9B6C3E1909970600FB6475 /* Foundation.framework in Frameworks */,
			);
			runOnlyForDeploymentPostprocessing = 0;
		};
		2E9B6C581909970600FB6475 /* Frameworks */ = {
			isa = PBXFrameworksBuildPhase;
			buildActionMask = 2147483647;
			files = (
				2E9B6C5D1909970600FB6475 /* XCTest.framework in Frameworks */,
				2E9B6C5F1909970600FB6475 /* UIKit.framework in Frameworks */,
				2E9B6C5E1909970600FB6475 /* Foundation.framework in Frameworks */,
			);
			runOnlyForDeploymentPostprocessing = 0;
		};
/* End PBXFrameworksBuildPhase section */

/* Begin PBXGroup section */
		2E9B6C311909970600FB6475 = {
			isa = PBXGroup;
			children = (
				2E9B6C431909970600FB6475 /* lecture */,
				2E9B6C621909970600FB6475 /* lectureTests */,
				2E9B6C3C1909970600FB6475 /* Frameworks */,
				2E9B6C3B1909970600FB6475 /* Products */,
			);
			sourceTree = "<group>";
		};
		2E9B6C3B1909970600FB6475 /* Products */ = {
			isa = PBXGroup;
			children = (
				2E9B6C3A1909970600FB6475 /* lecture.app */,
				2E9B6C5B1909970600FB6475 /* lectureTests.xctest */,
			);
			name = Products;
			sourceTree = "<group>";
		};
		2E9B6C3C1909970600FB6475 /* Frameworks */ = {
			isa = PBXGroup;
			children = (
				2E9B6C3D1909970600FB6475 /* Foundation.framework */,
				2E9B6C3F1909970600FB6475 /* CoreGraphics.framework */,
				2E9B6C411909970600FB6475 /* UIKit.framework */,
				2E9B6C5C1909970600FB6475 /* XCTest.framework */,
			);
			name = Frameworks;
			sourceTree = "<group>";
		};
		2E9B6C431909970600FB6475 /* lecture */ = {
			isa = PBXGroup;
			children = (
				2EE040641909C37E003DF1D4 /* Models */,
				2E9B6C751909A3F600FB6475 /* Views */,
				2E9B6C521909970600FB6475 /* ViewController.h */,
				2E9B6C531909970600FB6475 /* ViewController.m */,
				2E9B6C4F1909970600FB6475 /* Main.storyboard */,
				2E9B6C441909970600FB6475 /* Supporting Files */,
			);
			path = lecture;
			sourceTree = "<group>";
		};
		2E9B6C441909970600FB6475 /* Supporting Files */ = {
			isa = PBXGroup;
			children = (
				2E9B6C551909970600FB6475 /* Images.xcassets */,
				2E9B6C4C1909970600FB6475 /* AppDelegate.h */,
				2E9B6C4D1909970600FB6475 /* AppDelegate.m */,
				2E9B6C451909970600FB6475 /* lecture-Info.plist */,
				2E9B6C461909970600FB6475 /* InfoPlist.strings */,
				2E9B6C491909970600FB6475 /* main.m */,
				2E9B6C4B1909970600FB6475 /* lecture-Prefix.pch */,
			);
			name = "Supporting Files";
			sourceTree = "<group>";
		};
		2E9B6C621909970600FB6475 /* lectureTests */ = {
			isa = PBXGroup;
			children = (
				2E9B6C681909970600FB6475 /* lectureTests.m */,
				2E9B6C631909970600FB6475 /* Supporting Files */,
			);
			path = lectureTests;
			sourceTree = "<group>";
		};
		2E9B6C631909970600FB6475 /* Supporting Files */ = {
			isa = PBXGroup;
			children = (
				2E9B6C641909970600FB6475 /* lectureTests-Info.plist */,
				2E9B6C651909970600FB6475 /* InfoPlist.strings */,
			);
			name = "Supporting Files";
			sourceTree = "<group>";
		};
		2E9B6C751909A3F600FB6475 /* Views */ = {
			isa = PBXGroup;
			children = (
				2E9B6C721909A3F200FB6475 /* ViewDisplay.h */,
				2E9B6C731909A3F200FB6475 /* ViewDisplay.m */,
				2E9B6C761909A6FC00FB6475 /* ViewInput.h */,
				2E9B6C771909A6FC00FB6475 /* ViewInput.m */,
				2EE040651909D657003DF1D4 /* ViewAction.h */,
				2EE040661909D657003DF1D4 /* ViewAction.m */,
			);
			name = Views;
			sourceTree = "<group>";
		};
		2EE040641909C37E003DF1D4 /* Models */ = {
			isa = PBXGroup;
			children = (
				2EE040611909C37A003DF1D4 /* Calculator.h */,
				2EE040621909C37A003DF1D4 /* Calculator.m */,
				2E9DB6B8190A998A00ED18E2 /* _Calculator.m */,
			);
			name = Models;
			sourceTree = "<group>";
		};
/* End PBXGroup section */

/* Begin PBXNativeTarget section */
		2E9B6C391909970600FB6475 /* lecture */ = {
			isa = PBXNativeTarget;
			buildConfigurationList = 2E9B6C6C1909970600FB6475 /* Build configuration list for PBXNativeTarget "lecture" */;
			buildPhases = (
				2E9B6C361909970600FB6475 /* Sources */,
				2E9B6C371909970600FB6475 /* Frameworks */,
				2E9B6C381909970600FB6475 /* Resources */,
			);
			buildRules = (
			);
			dependencies = (
			);
			name = lecture;
			productName = lecture;
			productReference = 2E9B6C3A1909970600FB6475 /* lecture.app */;
			productType = "com.apple.product-type.application";
		};
		2E9B6C5A1909970600FB6475 /* lectureTests */ = {
			isa = PBXNativeTarget;
			buildConfigurationList = 2E9B6C6F1909970600FB6475 /* Build configuration list for PBXNativeTarget "lectureTests" */;
			buildPhases = (
				2E9B6C571909970600FB6475 /* Sources */,
				2E9B6C581909970600FB6475 /* Frameworks */,
				2E9B6C591909970600FB6475 /* Resources */,
			);
			buildRules = (
			);
			dependencies = (
				2E9B6C611909970600FB6475 /* PBXTargetDependency */,
			);
			name = lectureTests;
			productName = lectureTests;
			productReference = 2E9B6C5B1909970600FB6475 /* lectureTests.xctest */;
			productType = "com.apple.product-type.bundle.unit-test";
		};
/* End PBXNativeTarget section */

/* Begin PBXProject section */
		2E9B6C321909970600FB6475 /* Project object */ = {
			isa = PBXProject;
			attributes = {
				LastUpgradeCheck = 0510;
				ORGANIZATIONNAME = morganwilde;
				TargetAttributes = {
					2E9B6C5A1909970600FB6475 = {
						TestTargetID = 2E9B6C391909970600FB6475;
					};
				};
			};
			buildConfigurationList = 2E9B6C351909970600FB6475 /* Build configuration list for PBXProject "lecture" */;
			compatibilityVersion = "Xcode 3.2";
			developmentRegion = English;
			hasScannedForEncodings = 0;
			knownRegions = (
				en,
				Base,
			);
			mainGroup = 2E9B6C311909970600FB6475;
			productRefGroup = 2E9B6C3B1909970600FB6475 /* Products */;
			projectDirPath = "";
			projectRoot = "";
			targets = (
				2E9B6C391909970600FB6475 /* lecture */,
				2E9B6C5A1909970600FB6475 /* lectureTests */,
			);
		};
/* End PBXProject section */

/* Begin PBXResourcesBuildPhase section */
		2E9B6C381909970600FB6475 /* Resources */ = {
			isa = PBXResourcesBuildPhase;
			buildActionMask = 2147483647;
			files = (
				2E9B6C561909970600FB6475 /* Images.xcassets in Resources */,
				2E9B6C481909970600FB6475 /* InfoPlist.strings in Resources */,
				2E9B6C511909970600FB6475 /* Main.storyboard in Resources */,
			);
			runOnlyForDeploymentPostprocessing = 0;
		};
		2E9B6C591909970600FB6475 /* Resources */ = {
			isa = PBXResourcesBuildPhase;
			buildActionMask = 2147483647;
			files = (
				2E9B6C671909970600FB6475 /* InfoPlist.strings in Resources */,
			);
			runOnlyForDeploymentPostprocessing = 0;
		};
/* End PBXResourcesBuildPhase section */

/* Begin PBXSourcesBuildPhase section */
		2E9B6C361909970600FB6475 /* Sources */ = {
			isa = PBXSourcesBuildPhase;
			buildActionMask = 2147483647;
			files = (
				2E9B6C541909970600FB6475 /* ViewController.m in Sources */,
				2E9DB6B9190A998A00ED18E2 /* _Calculator.m in Sources */,
				2E9B6C741909A3F200FB6475 /* ViewDisplay.m in Sources */,
				2E9B6C4E1909970600FB6475 /* AppDelegate.m in Sources */,
				2EE040671909D657003DF1D4 /* ViewAction.m in Sources */,
				2EE040631909C37A003DF1D4 /* Calculator.m in Sources */,
				2E9B6C781909A6FC00FB6475 /* ViewInput.m in Sources */,
				2E9B6C4A1909970600FB6475 /* main.m in Sources */,
			);
			runOnlyForDeploymentPostprocessing = 0;
		};
		2E9B6C571909970600FB6475 /* Sources */ = {
			isa = PBXSourcesBuildPhase;
			buildActionMask = 2147483647;
			files = (
				2E9B6C691909970600FB6475 /* lectureTests.m in Sources */,
			);
			runOnlyForDeploymentPostprocessing = 0;
		};
/* End PBXSourcesBuildPhase section */

/* Begin PBXTargetDependency section */
		2E9B6C611909970600FB6475 /* PBXTargetDependency */ = {
			isa = PBXTargetDependency;
			target = 2E9B6C391909970600FB6475 /* lecture */;
			targetProxy = 2E9B6C601909970600FB6475 /* PBXContainerItemProxy */;
		};
/* End PBXTargetDependency section */

/* Begin PBXVariantGroup section */
		2E9B6C461909970600FB6475 /* InfoPlist.strings */ = {
			isa = PBXVariantGroup;
			children = (
				2E9B6C471909970600FB6475 /* en */,
			);
			name = InfoPlist.strings;
			sourceTree = "<group>";
		};
		2E9B6C4F1909970600FB6475 /* Main.storyboard */ = {
			isa = PBXVariantGroup;
			children = (
				2E9B6C501909970600FB6475 /* Base */,
			);
			name = Main.storyboard;
			sourceTree = "<group>";
		};
		2E9B6C651909970600FB6475 /* InfoPlist.strings */ = {
			isa = PBXVariantGroup;
			children = (
				2E9B6C661909970600FB6475 /* en */,
			);
			name = InfoPlist.strings;
			sourceTree = "<group>";
		};
/* End PBXVariantGroup section */

/* Begin XCBuildConfiguration section */
		2E9B6C6A1909970600FB6475 /* Debug */ = {
			isa = XCBuildConfiguration;
			buildSettings = {
				ALWAYS_SEARCH_USER_PATHS = NO;
				CLANG_CXX_LANGUAGE_STANDARD = "gnu++0x";
				CLANG_CXX_LIBRARY = "libc++";
				CLANG_ENABLE_MODULES = YES;
				CLANG_ENABLE_OBJC_ARC = YES;
				CLANG_WARN_BOOL_CONVERSION = YES;
				CLANG_WARN_CONSTANT_CONVERSION = YES;
				CLANG_WARN_DIRECT_OBJC_ISA_USAGE = YES_ERROR;
				CLANG_WARN_EMPTY_BODY = YES;
				CLANG_WARN_ENUM_CONVERSION = YES;
				CLANG_WARN_INT_CONVERSION = YES;
				CLANG_WARN_OBJC_ROOT_CLASS = YES_ERROR;
				CLANG_WARN__DUPLICATE_METHOD_MATCH = YES;
				"CODE_SIGN_IDENTITY[sdk=iphoneos*]" = "iPhone Developer";
				COPY_PHASE_STRIP = NO;
				GCC_C_LANGUAGE_STANDARD = gnu99;
				GCC_DYNAMIC_NO_PIC = NO;
				GCC_OPTIMIZATION_LEVEL = 0;
				GCC_PREPROCESSOR_DEFINITIONS = (
					"DEBUG=1",
					"$(inherited)",
				);
				GCC_SYMBOLS_PRIVATE_EXTERN = NO;
				GCC_WARN_64_TO_32_BIT_CONVERSION = YES;
				GCC_WARN_ABOUT_RETURN_TYPE = YES_ERROR;
				GCC_WARN_UNDECLARED_SELECTOR = YES;
				GCC_WARN_UNINITIALIZED_AUTOS = YES_AGGRESSIVE;
				GCC_WARN_UNUSED_FUNCTION = YES;
				GCC_WARN_UNUSED_VARIABLE = YES;
				IPHONEOS_DEPLOYMENT_TARGET = 7.1;
				ONLY_ACTIVE_ARCH = YES;
				SDKROOT = iphoneos;
			};
			name = Debug;
		};
		2E9B6C6B1909970600FB6475 /* Release */ = {
			isa = XCBuildConfiguration;
			buildSettings = {
				ALWAYS_SEARCH_USER_PATHS = NO;
				CLANG_CXX_LANGUAGE_STANDARD = "gnu++0x";
				CLANG_CXX_LIBRARY = "libc++";
				CLANG_ENABLE_MODULES = YES;
				CLANG_ENABLE_OBJC_ARC = YES;
				CLANG_WARN_BOOL_CONVERSION = YES;
				CLANG_WARN_CONSTANT_CONVERSION = YES;
				CLANG_WARN_DIRECT_OBJC_ISA_USAGE = YES_ERROR;
				CLANG_WARN_EMPTY_BODY = YES;
				CLANG_WARN_ENUM_CONVERSION = YES;
				CLANG_WARN_INT_CONVERSION = YES;
				CLANG_WARN_OBJC_ROOT_CLASS = YES_ERROR;
				CLANG_WARN__DUPLICATE_METHOD_MATCH = YES;
				"CODE_SIGN_IDENTITY[sdk=iphoneos*]" = "iPhone Developer";
				COPY_PHASE_STRIP = YES;
				ENABLE_NS_ASSERTIONS = NO;
				GCC_C_LANGUAGE_STANDARD = gnu99;
				GCC_WARN_64_TO_32_BIT_CONVERSION = YES;
				GCC_WARN_ABOUT_RETURN_TYPE = YES_ERROR;
				GCC_WARN_UNDECLARED_SELECTOR = YES;
				GCC_WARN_UNINITIALIZED_AUTOS = YES_AGGRESSIVE;
				GCC_WARN_UNUSED_FUNCTION = YES;
				GCC_WARN_UNUSED_VARIABLE = YES;
				IPHONEOS_DEPLOYMENT_TARGET = 7.1;
				SDKROOT = iphoneos;
				VALIDATE_PRODUCT = YES;
			};
			name = Release;
		};
		2E9B6C6D1909970600FB6475 /* Debug */ = {
			isa = XCBuildConfiguration;
			buildSettings = {
				ASSETCATALOG_COMPILER_APPICON_NAME = AppIcon;
				ASSETCATALOG_COMPILER_LAUNCHIMAGE_NAME = LaunchImage;
				GCC_PRECOMPILE_PREFIX_HEADER = YES;
				GCC_PREFIX_HEADER = "lecture/lecture-Prefix.pch";
				INFOPLIST_FILE = "lecture/lecture-Info.plist";
				PRODUCT_NAME = "$(TARGET_NAME)";
				WRAPPER_EXTENSION = app;
			};
			name = Debug;
		};
		2E9B6C6E1909970600FB6475 /* Release */ = {
			isa = XCBuildConfiguration;
			buildSettings = {
				ASSETCATALOG_COMPILER_APPICON_NAME = AppIcon;
				ASSETCATALOG_COMPILER_LAUNCHIMAGE_NAME = LaunchImage;
				GCC_PRECOMPILE_PREFIX_HEADER = YES;
				GCC_PREFIX_HEADER = "lecture/lecture-Prefix.pch";
				INFOPLIST_FILE = "lecture/lecture-Info.plist";
				PRODUCT_NAME = "$(TARGET_NAME)";
				WRAPPER_EXTENSION = app;
			};
			name = Release;
		};
		2E9B6C701909970600FB6475 /* Debug */ = {
			isa = XCBuildConfiguration;
			buildSettings = {
				BUNDLE_LOADER = "$(BUILT_PRODUCTS_DIR)/lecture.app/lecture";
				FRAMEWORK_SEARCH_PATHS = (
					"$(SDKROOT)/Developer/Library/Frameworks",
					"$(inherited)",
					"$(DEVELOPER_FRAMEWORKS_DIR)",
				);
				GCC_PRECOMPILE_PREFIX_HEADER = YES;
				GCC_PREFIX_HEADER = "lecture/lecture-Prefix.pch";
				GCC_PREPROCESSOR_DEFINITIONS = (
					"DEBUG=1",
					"$(inherited)",
				);
				INFOPLIST_FILE = "lectureTests/lectureTests-Info.plist";
				PRODUCT_NAME = "$(TARGET_NAME)";
				TEST_HOST = "$(BUNDLE_LOADER)";
				WRAPPER_EXTENSION = xctest;
			};
			name = Debug;
		};
		2E9B6C711909970600FB6475 /* Release */ = {
			isa = XCBuildConfiguration;
			buildSettings = {
				BUNDLE_LOADER = "$(BUILT_PRODUCTS_DIR)/lecture.app/lecture";
				FRAMEWORK_SEARCH_PATHS = (
					"$(SDKROOT)/Developer/Library/Frameworks",
					"$(inherited)",
					"$(DEVELOPER_FRAMEWORKS_DIR)",
				);
				GCC_PRECOMPILE_PREFIX_HEADER = YES;
				GCC_PREFIX_HEADER = "lecture/lecture-Prefix.pch";
				INFOPLIST_FILE = "lectureTests/lectureTests-Info.plist";
				PRODUCT_NAME = "$(TARGET_NAME)";
				TEST_HOST = "$(BUNDLE_LOADER)";
				WRAPPER_EXTENSION = xctest;
			};
			name = Release;
		};
/* End XCBuildConfiguration section */

/* Begin XCConfigurationList section */
		2E9B6C351909970600FB6475 /* Build configuration list for PBXProject "lecture" */ = {
			isa = XCConfigurationList;
			buildConfigurations = (
				2E9B6C6A1909970600FB6475 /* Debug */,
				2E9B6C6B1909970600FB6475 /* Release */,
			);
			defaultConfigurationIsVisible = 0;
			defaultConfigurationName = Release;
		};
		2E9B6C6C1909970600FB6475 /* Build configuration list for PBXNativeTarget "lecture" */ = {
			isa = XCConfigurationList;
			buildConfigurations = (
				2E9B6C6D1909970600FB6475 /* Debug */,
				2E9B6C6E1909970600FB6475 /* Release */,
			);
			defaultConfigurationIsVisible = 0;
			defaultConfigurationName = Release;
		};
		2E9B6C6F1909970600FB6475 /* Build configuration list for PBXNativeTarget "lectureTests" */ = {
			isa = XCConfigurationList;
			buildConfigurations = (
				2E9B6C701909970600FB6475 /* Debug */,
				2E9B6C711909970600FB6475 /* Release */,
			);
			defaultConfigurationIsVisible = 0;
			defaultConfigurationName = Release;
		};
/* End XCConfigurationList section */
	};
	rootObject = 2E9B6C321909970600FB6475 /* Project object */;
}
